{
  "name": "focusflow-mobile",
  "lockfileVersion": 3,
  "requires": true,
  "packages": {
    "": {
      "dependencies": {
        "pdfjs-dist": "^5.4.624"
      }
    },
    "node_modules/@napi-rs/canvas": {
      "version": "0.1.95",
      "resolved": "https://registry.npmjs.org/@napi-rs/canvas/-/canvas-0.1.95.tgz",
      "integrity": "sha512-lkg23ge+rgyhgUwXmlbkPEhuhHq/hUi/gXKH+4I7vO+lJrbNfEYcQdJLIGjKyXLQzgFiiyDAwh5vAe/tITAE+w==",
      "license": "MIT",
      "optional": true,
      "workspaces": [
        "e2e/*"
      ],
      "engines": {
        "node": ">= 10"
      },
      "funding": {
        "type": "github",
        "url": "https://github.com/sponsors/Brooooooklyn"
      },
      "optionalDependencies": {
        "@napi-rs/canvas-android-arm64": "0.1.95",
        "@napi-rs/canvas-darwin-arm64": "0.1.95",
        "@napi-rs/canvas-darwin-x64": "0.1.95",
        "@napi-rs/canvas-linux-arm-gnueabihf": "0.1.95",
        "@napi-rs/canvas-linux-arm64-gnu": "0.1.95",
        "@napi-rs/canvas-linux-arm64-musl": "0.1.95",
        "@napi-rs/canvas-linux-riscv64-gnu": "0.1.95",
        "@napi-rs/canvas-linux-x64-gnu": "0.1.95",
        "@napi-rs/canvas-linux-x64-musl": "0.1.95",
        "@napi-rs/canvas-win32-arm64-msvc": "0.1.95",
        "@napi-rs/canvas-win32-x64-msvc": "0.1.95"
      }
    },
    "node_modules/@napi-rs/canvas-android-arm64": {
      "version": "0.1.95",
      "resolved": "https://registry.npmjs.org/@napi-rs/canvas-android-arm64/-/canvas-android-arm64-0.1.95.tgz",
      "integrity": "sha512-SqTh0wsYbetckMXEvHqmR7HKRJujVf1sYv1xdlhkifg6TlCSysz1opa49LlS3+xWuazcQcfRfmhA07HxxxGsAA==",
      "cpu": [
        "arm64"
      ],
      "license": "MIT",
      "optional": true,
      "os": [
        "android"
      ],
      "engines": {
        "node": ">= 10"
      },
      "funding": {
        "type": "github",
        "url": "https://github.com/sponsors/Brooooooklyn"
      }
    },
    "node_modules/@napi-rs/canvas-darwin-arm64": {
      "version": "0.1.95",
      "resolved": "https://registry.npmjs.org/@napi-rs/canvas-darwin-arm64/-/canvas-darwin-arm64-0.1.95.tgz",
      "integrity": "sha512-F7jT0Syu+B9DGBUBcMk3qCRIxAWiDXmvEjamwbYfbZl7asI1pmXZUnCOoIu49Wt0RNooToYfRDxU9omD6t5Xuw==",
      "cpu": [
        "arm64"
      ],
      "license": "MIT",
      "optional": true,
      "os": [
        "darwin"
      ],
      "engines": {
        "node": ">= 10"
      },
      "funding": {
        "type": "github",
        "url": "https://github.com/sponsors/Brooooooklyn"
      }
    },
    "node_modules/@napi-rs/canvas-darwin-x64": {
      "version": "0.1.95",
      "resolved": "https://registry.npmjs.org/@napi-rs/canvas-darwin-x64/-/canvas-darwin-x64-0.1.95.tgz",
      "integrity": "sha512-54eb2Ho15RDjYGXO/harjRznBrAvu+j5nQ85Z4Qd6Qg3slR8/Ja+Yvvy9G4yo7rdX6NR9GPkZeSTf2UcKXwaXw==",
      "cpu": [
        "x64"
      ],
      "license": "MIT",
      "optional": true,
      "os": [
        "darwin"
      ],
      "engines": {
        "node": ">= 10"
      },
      "funding": {
        "type": "github",
        "url": "https://github.com/sponsors/Brooooooklyn"
      }
    },
    "node_modules/@napi-rs/canvas-linux-arm-gnueabihf": {
      "version": "0.1.95",
      "resolved": "https://registry.npmjs.org/@napi-rs/canvas-linux-arm-gnueabihf/-/canvas-linux-arm-gnueabihf-0.1.95.tgz",
      "integrity": "sha512-hYaLCSLx5bmbnclzQc3ado3PgZ66blJWzjXp0wJmdwpr/kH+Mwhj6vuytJIomgksyJoCdIqIa4N6aiqBGJtJ5Q==",
      "cpu": [
        "arm"
      ],
      "license": "MIT",
      "optional": true,
      "os": [
        "linux"
      ],
      "engines": {
        "node": ">= 10"
      },
      "funding": {
        "type": "github",
        "url": "https://github.com/sponsors/Brooooooklyn"
      }
    },
    "node_modules/@napi-rs/canvas-linux-arm64-gnu": {
      "version": "0.1.95",
      "resolved": "https://registry.npmjs.org/@napi-rs/canvas-linux-arm64-gnu/-/canvas-linux-arm64-gnu-0.1.95.tgz",
      "integrity": "sha512-J7VipONahKsmScPZsipHVQBqpbZx4favaD8/enWzzlGcjiwycOoymL7f4tNeqdjK0su19bDOUt6mjp9gsPWYlw==",
      "cpu": [
        "arm64"
      ],
      "license": "MIT",
      "optional": true,
      "os": [
        "linux"
      ],
      "engines": {
        "node": ">= 10"
      },
      "funding": {
        "type": "github",
        "url": "https://github.com/sponsors/Brooooooklyn"
      }
    },
    "node_modules/@napi-rs/canvas-linux-arm64-musl": {
      "version": "0.1.95",
      "resolved": "https://registry.npmjs.org/@napi-rs/canvas-linux-arm64-musl/-/canvas-linux-arm64-musl-0.1.95.tgz",
      "integrity": "sha512-PXy0UT1J/8MPG8UAkWp6Fd51ZtIZINFzIjGH909JjQrtCuJf3X6nanHYdz1A+Wq9o4aoPAw1YEUpFS1lelsVlg==",
      "cpu": [
        "arm64"
      ],
      "license": "MIT",
      "optional": true,
      "os": [
        "linux"
      ],
      "engines": {
        "node": ">= 10"
      },
      "funding": {
        "type": "github",
        "url": "https://github.com/sponsors/Brooooooklyn"
      }
    },
    "node_modules/@napi-rs/canvas-linux-riscv64-gnu": {
      "version": "0.1.95",
      "resolved": "https://registry.npmjs.org/@napi-rs/canvas-linux-riscv64-gnu/-/canvas-linux-riscv64-gnu-0.1.95.tgz",
      "integrity": "sha512-2IzCkW2RHRdcgF9W5/plHvYFpc6uikyjMb5SxjqmNxfyDFz9/HB89yhi8YQo0SNqrGRI7yBVDec7Pt+uMyRWsg==",
      "cpu": [
        "riscv64"
      ],
      "license": "MIT",
      "optional": true,
      "os": [
        "linux"
      ],
      "engines": {
        "node": ">= 10"
      },
      "funding": {
        "type": "github",
        "url": "https://github.com/sponsors/Brooooooklyn"
      }
    },
    "node_modules/@napi-rs/canvas-linux-x64-gnu": {
      "version": "0.1.95",
      "resolved": "https://registry.npmjs.org/@napi-rs/canvas-linux-x64-gnu/-/canvas-linux-x64-gnu-0.1.95.tgz",
      "integrity": "sha512-OV/ol/OtcUr4qDhQg8G7SdViZX8XyQeKpPsVv/j3+7U178FGoU4M+yIocdVo1ih/A8GQ63+LjF4jDoEjaVU8Pw==",
      "cpu": [
        "x64"
      ],
      "license": "MIT",
      "optional": true,
      "os": [
        "linux"
      ],
      "engines": {
        "node": ">= 10"
      },
      "funding": {
        "type": "github",
        "url": "https://github.com/sponsors/Brooooooklyn"
      }
    },
    "node_modules/@napi-rs/canvas-linux-x64-musl": {
      "version": "0.1.95",
      "resolved": "https://registry.npmjs.org/@napi-rs/canvas-linux-x64-musl/-/canvas-linux-x64-musl-0.1.95.tgz",
      "integrity": "sha512-Z5KzqBK/XzPz5+SFHKz7yKqClEQ8pOiEDdgk5SlphBLVNb8JFIJkxhtJKSvnJyHh2rjVgiFmvtJzMF0gNwwKyQ==",
      "cpu": [
        "x64"
      ],
      "license": "MIT",
      "optional": true,
      "os": [
        "linux"
      ],
      "engines": {
        "node": ">= 10"
      },
      "funding": {
        "type": "github",
        "url": "https://github.com/sponsors/Brooooooklyn"
      }
    },
    "node_modules/@napi-rs/canvas-win32-arm64-msvc": {
      "version": "0.1.95",
      "resolved": "https://registry.npmjs.org/@napi-rs/canvas-win32-arm64-msvc/-/canvas-win32-arm64-msvc-0.1.95.tgz",
      "integrity": "sha512-aj0YbRpe8qVJ4OzMsK7NfNQePgcf9zkGFzNZ9mSuaxXzhpLHmlF2GivNdCdNOg8WzA/NxV6IU4c5XkXadUMLeA==",
      "cpu": [
        "arm64"
      ],
      "license": "MIT",
      "optional": true,
      "os": [
        "win32"
      ],
      "engines": {
        "node": ">= 10"
      },
      "funding": {
        "type": "github",
        "url": "https://github.com/sponsors/Brooooooklyn"
      }
    },
    "node_modules/@napi-rs/canvas-win32-x64-msvc": {
      "version": "0.1.95",
      "resolved": "https://registry.npmjs.org/@napi-rs/canvas-win32-x64-msvc/-/canvas-win32-x64-msvc-0.1.95.tgz",
      "integrity": "sha512-GA8leTTCfdjuHi8reICTIxU0081PhXvl3lzIniLUjeLACx9GubUiyzkwFb+oyeKLS5IAGZFLKnzAf4wm2epRlA==",
      "cpu": [
        "x64"
      ],
      "license": "MIT",
      "optional": true,
      "os": [
        "win32"
      ],
      "engines": {
        "node": ">= 10"
      },
      "funding": {
        "type": "github",
        "url": "https://github.com/sponsors/Brooooooklyn"
      }
    },
    "node_modules/node-readable-to-web-readable-stream": {
      "version": "0.4.2",
      "resolved": "https://registry.npmjs.org/node-readable-to-web-readable-stream/-/node-readable-to-web-readable-stream-0.4.2.tgz",
      "integrity": "sha512-/cMZNI34v//jUTrI+UIo4ieHAB5EZRY/+7OmXZgBxaWBMcW2tGdceIw06RFxWxrKZ5Jp3sI2i5TsRo+CBhtVLQ==",
      "license": "MIT",
      "optional": true
    },
    "node_modules/pdfjs-dist": {
      "version": "5.4.624",
      "resolved": "https://registry.npmjs.org/pdfjs-dist/-/pdfjs-dist-5.4.624.tgz",
      "integrity": "sha512-sm6TxKTtWv1Oh6n3C6J6a8odejb5uO4A4zo/2dgkHuC0iu8ZMAXOezEODkVaoVp8nX1Xzr+0WxFJJmUr45hQzg==",
      "license": "Apache-2.0",
      "engines": {
        "node": ">=20.16.0 || >=22.3.0"
      },
      "optionalDependencies": {
        "@napi-rs/canvas": "^0.1.88",
        "node-readable-to-web-readable-stream": "^0.4.2"
      }
    }
  }
}
